
Microsoft Visual Studio Solution File, Format Version 12.00
# Visual Studio Version 17
VisualStudioVersion = 17.14.36401.2 d17.14
MinimumVisualStudioVersion = 10.0.40219.1
Project("{FAE04EC0-301F-11D3-BF4B-00C04F79EFBC}") = "WpfApp1", "WpfApp1\WpfApp1.csproj", "{93C622DE-CDBE-46C4-A592-EC66AB6DA0E7}"
EndProject
Project("{FAE04EC0-301F-11D3-BF4B-00C04F79EFBC}") = "Layout", "Layout\Layout.csproj", "{20441BD0-49C3-41D7-9137-7DE3D29AE212}"
EndProject
Global
	GlobalSection(SolutionConfigurationPlatforms) = preSolution
		Debug|Any CPU = Debug|Any CPU
		Release|Any CPU = Release|Any CPU
	EndGlobalSection
	GlobalSection(ProjectConfigurationPlatforms) = postSolution
		{93C622DE-CDBE-46C4-A592-EC66AB6DA0E7}.Debug|Any CPU.ActiveCfg = Debug|Any CPU
		{93C622DE-CDBE-46C4-A592-EC66AB6DA0E7}.Debug|Any CPU.Build.0 = Debug|Any CPU
		{93C622DE-CDBE-46C4-A592-EC66AB6DA0E7}.Release|Any CPU.ActiveCfg = Release|Any CPU
		{93C622DE-CDBE-46C4-A592-EC66AB6DA0E7}.Release|Any CPU.Build.0 = Release|Any CPU
		{20441BD0-49C3-41D7-9137-7DE3D29AE212}.Debug|Any CPU.ActiveCfg = Debug|Any CPU
		{20441BD0-49C3-41D7-9137-7DE3D29AE212}.Debug|Any CPU.Build.0 = Debug|Any CPU
		{20441BD0-49C3-41D7-9137-7DE3D29AE212}.Release|Any CPU.ActiveCfg = Release|Any CPU
		{20441BD0-49C3-41D7-9137-7DE3D29AE212}.Release|Any CPU.Build.0 = Release|Any CPU
	EndGlobalSection
	GlobalSection(SolutionProperties) = preSolution
		HideSolutionNode = FALSE
	EndGlobalSection
	GlobalSection(ExtensibilityGlobals) = postSolution
		SolutionGuid = {05229AB9-52A6-4E1E-A00C-AEEF4901BA83}
	EndGlobalSection
EndGlobal
